
Microsoft Visual Studio Solution File, Format Version 12.00
# Visual Studio Version 17
VisualStudioVersion = 17.0.31903.59
MinimumVisualStudioVersion = 10.0.40219.1
Project("{2150E333-8FDC-42A3-9474-1A3956D46DE8}") = "src", "src", "{827E0CD3-B72D-47B6-A68D-7590B98EB39B}"
EndProject
Project("{FAE04EC0-301F-11D3-BF4B-00C04F79EFBC}") = "Genealogy.Workspace.Data", "src\Genealogy.Workspace.Data\Genealogy.Workspace.Data.csproj", "{095B2254-0EAF-4C4B-B53F-F406553B9A54}"
EndProject
Project("{FAE04EC0-301F-11D3-BF4B-00C04F79EFBC}") = "Genealogy.Workspace.Migrator", "src\Genealogy.Workspace.Migrator\Genealogy.Workspace.Migrator.csproj", "{92DA0496-C8B7-4115-8E2B-5C3AE23152F7}"
EndProject
Project("{FAE04EC0-301F-11D3-BF4B-00C04F79EFBC}") = "Genealogy.Workspace.McpServer", "src\Genealogy.Workspace.McpServer\Genealogy.Workspace.McpServer.csproj", "{0674C08C-C7FA-4C88-9841-D0A94E7864FC}"
EndProject
Project("{2150E333-8FDC-42A3-9474-1A3956D46DE8}") = "tests", "tests", "{0AB3BF05-4346-4AA6-1389-037BE0695223}"
EndProject
Project("{FAE04EC0-301F-11D3-BF4B-00C04F79EFBC}") = "Genealogy.Workspace.IntegrationTests", "tests\Genealogy.Workspace.IntegrationTests\Genealogy.Workspace.IntegrationTests.csproj", "{3741457E-BDF4-4995-A7B7-B96E76B8D498}"
EndProject
Global
	GlobalSection(SolutionConfigurationPlatforms) = preSolution
		Debug|Any CPU = Debug|Any CPU
		Debug|x64 = Debug|x64
		Debug|x86 = Debug|x86
		Release|Any CPU = Release|Any CPU
		Release|x64 = Release|x64
		Release|x86 = Release|x86
	EndGlobalSection
	GlobalSection(ProjectConfigurationPlatforms) = postSolution
		{095B2254-0EAF-4C4B-B53F-F406553B9A54}.Debug|Any CPU.ActiveCfg = Debug|Any CPU
		{095B2254-0EAF-4C4B-B53F-F406553B9A54}.Debug|Any CPU.Build.0 = Debug|Any CPU
		{095B2254-0EAF-4C4B-B53F-F406553B9A54}.Debug|x64.ActiveCfg = Debug|Any CPU
		{095B2254-0EAF-4C4B-B53F-F406553B9A54}.Debug|x64.Build.0 = Debug|Any CPU
		{095B2254-0EAF-4C4B-B53F-F406553B9A54}.Debug|x86.ActiveCfg = Debug|Any CPU
		{095B2254-0EAF-4C4B-B53F-F406553B9A54}.Debug|x86.Build.0 = Debug|Any CPU
		{095B2254-0EAF-4C4B-B53F-F406553B9A54}.Release|Any CPU.ActiveCfg = Release|Any CPU
		{095B2254-0EAF-4C4B-B53F-F406553B9A54}.Release|Any CPU.Build.0 = Release|Any CPU
		{095B2254-0EAF-4C4B-B53F-F406553B9A54}.Release|x64.ActiveCfg = Release|Any CPU
		{095B2254-0EAF-4C4B-B53F-F406553B9A54}.Release|x64.Build.0 = Release|Any CPU
		{095B2254-0EAF-4C4B-B53F-F406553B9A54}.Release|x86.ActiveCfg = Release|Any CPU
		{095B2254-0EAF-4C4B-B53F-F406553B9A54}.Release|x86.Build.0 = Release|Any CPU
		{92DA0496-C8B7-4115-8E2B-5C3AE23152F7}.Debug|Any CPU.ActiveCfg = Debug|Any CPU
		{92DA0496-C8B7-4115-8E2B-5C3AE23152F7}.Debug|Any CPU.Build.0 = Debug|Any CPU
		{92DA0496-C8B7-4115-8E2B-5C3AE23152F7}.Debug|x64.ActiveCfg = Debug|Any CPU
		{92DA0496-C8B7-4115-8E2B-5C3AE23152F7}.Debug|x64.Build.0 = Debug|Any CPU
		{92DA0496-C8B7-4115-8E2B-5C3AE23152F7}.Debug|x86.ActiveCfg = Debug|Any CPU
		{92DA0496-C8B7-4115-8E2B-5C3AE23152F7}.Debug|x86.Build.0 = Debug|Any CPU
		{92DA0496-C8B7-4115-8E2B-5C3AE23152F7}.Release|Any CPU.ActiveCfg = Release|Any CPU
		{92DA0496-C8B7-4115-8E2B-5C3AE23152F7}.Release|Any CPU.Build.0 = Release|Any CPU
		{92DA0496-C8B7-4115-8E2B-5C3AE23152F7}.Release|x64.ActiveCfg = Release|Any CPU
		{92DA0496-C8B7-4115-8E2B-5C3AE23152F7}.Release|x64.Build.0 = Release|Any CPU
		{92DA0496-C8B7-4115-8E2B-5C3AE23152F7}.Release|x86.ActiveCfg = Release|Any CPU
		{92DA0496-C8B7-4115-8E2B-5C3AE23152F7}.Release|x86.Build.0 = Release|Any CPU
		{0674C08C-C7FA-4C88-9841-D0A94E7864FC}.Debug|Any CPU.ActiveCfg = Debug|Any CPU
		{0674C08C-C7FA-4C88-9841-D0A94E7864FC}.Debug|Any CPU.Build.0 = Debug|Any CPU
		{0674C08C-C7FA-4C88-9841-D0A94E7864FC}.Debug|x64.ActiveCfg = Debug|Any CPU
		{0674C08C-C7FA-4C88-9841-D0A94E7864FC}.Debug|x64.Build.0 = Debug|Any CPU
		{0674C08C-C7FA-4C88-9841-D0A94E7864FC}.Debug|x86.ActiveCfg = Debug|Any CPU
		{0674C08C-C7FA-4C88-9841-D0A94E7864FC}.Debug|x86.Build.0 = Debug|Any CPU
		{0674C08C-C7FA-4C88-9841-D0A94E7864FC}.Release|Any CPU.ActiveCfg = Release|Any CPU
		{0674C08C-C7FA-4C88-9841-D0A94E7864FC}.Release|Any CPU.Build.0 = Release|Any CPU
		{0674C08C-C7FA-4C88-9841-D0A94E7864FC}.Release|x64.ActiveCfg = Release|Any CPU
		{0674C08C-C7FA-4C88-9841-D0A94E7864FC}.Release|x64.Build.0 = Release|Any CPU
		{0674C08C-C7FA-4C88-9841-D0A94E7864FC}.Release|x86.ActiveCfg = Release|Any CPU
		{0674C08C-C7FA-4C88-9841-D0A94E7864FC}.Release|x86.Build.0 = Release|Any CPU
		{3741457E-BDF4-4995-A7B7-B96E76B8D498}.Debug|Any CPU.ActiveCfg = Debug|Any CPU
		{3741457E-BDF4-4995-A7B7-B96E76B8D498}.Debug|Any CPU.Build.0 = Debug|Any CPU
		{3741457E-BDF4-4995-A7B7-B96E76B8D498}.Debug|x64.ActiveCfg = Debug|Any CPU
		{3741457E-BDF4-4995-A7B7-B96E76B8D498}.Debug|x64.Build.0 = Debug|Any CPU
		{3741457E-BDF4-4995-A7B7-B96E76B8D498}.Debug|x86.ActiveCfg = Debug|Any CPU
		{3741457E-BDF4-4995-A7B7-B96E76B8D498}.Debug|x86.Build.0 = Debug|Any CPU
		{3741457E-BDF4-4995-A7B7-B96E76B8D498}.Release|Any CPU.ActiveCfg = Release|Any CPU
		{3741457E-BDF4-4995-A7B7-B96E76B8D498}.Release|Any CPU.Build.0 = Release|Any CPU
		{3741457E-BDF4-4995-A7B7-B96E76B8D498}.Release|x64.ActiveCfg = Release|Any CPU
		{3741457E-BDF4-4995-A7B7-B96E76B8D498}.Release|x64.Build.0 = Release|Any CPU
		{3741457E-BDF4-4995-A7B7-B96E76B8D498}.Release|x86.ActiveCfg = Release|Any CPU
		{3741457E-BDF4-4995-A7B7-B96E76B8D498}.Release|x86.Build.0 = Release|Any CPU
	EndGlobalSection
	GlobalSection(SolutionProperties) = preSolution
		HideSolutionNode = FALSE
	EndGlobalSection
	GlobalSection(NestedProjects) = preSolution
		{095B2254-0EAF-4C4B-B53F-F406553B9A54} = {827E0CD3-B72D-47B6-A68D-7590B98EB39B}
		{92DA0496-C8B7-4115-8E2B-5C3AE23152F7} = {827E0CD3-B72D-47B6-A68D-7590B98EB39B}
		{0674C08C-C7FA-4C88-9841-D0A94E7864FC} = {827E0CD3-B72D-47B6-A68D-7590B98EB39B}
		{3741457E-BDF4-4995-A7B7-B96E76B8D498} = {0AB3BF05-4346-4AA6-1389-037BE0695223}
	EndGlobalSection
EndGlobal
